
Microsoft Visual Studio Solution File, Format Version 12.00
# Visual Studio Version 16
VisualStudioVersion = 16.0.30503.244
MinimumVisualStudioVersion = 10.0.40219.1
Project("{9A19103F-16F7-4668-BE54-9A1E7A4F7556}") = "MySuperBank", "MySuperBank\MySuperBank.csproj", "{8484810B-4FB8-4DE4-B376-1120E51E16BC}"
EndProject
Project("{9A19103F-16F7-4668-BE54-9A1E7A4F7556}") = "BankyStuffLibrary", "BankyStuffLibrary\BankyStuffLibrary.csproj", "{79C21FBD-9257-4A98-98E3-A27366F46CD5}"
EndProject
Project("{FAE04EC0-301F-11D3-BF4B-00C04F79EFBC}") = "BankingTests", "BankingTests\BankingTests.csproj", "{27F36A46-66F2-4AE7-A086-2C12C75DA14A}"
EndProject
Global
	GlobalSection(SolutionConfigurationPlatforms) = preSolution
		Debug|Any CPU = Debug|Any CPU
		Release|Any CPU = Release|Any CPU
	EndGlobalSection
	GlobalSection(ProjectConfigurationPlatforms) = postSolution
		{8484810B-4FB8-4DE4-B376-1120E51E16BC}.Debug|Any CPU.ActiveCfg = Debug|Any CPU
		{8484810B-4FB8-4DE4-B376-1120E51E16BC}.Debug|Any CPU.Build.0 = Debug|Any CPU
		{8484810B-4FB8-4DE4-B376-1120E51E16BC}.Release|Any CPU.ActiveCfg = Release|Any CPU
		{8484810B-4FB8-4DE4-B376-1120E51E16BC}.Release|Any CPU.Build.0 = Release|Any CPU
		{79C21FBD-9257-4A98-98E3-A27366F46CD5}.Debug|Any CPU.ActiveCfg = Debug|Any CPU
		{79C21FBD-9257-4A98-98E3-A27366F46CD5}.Debug|Any CPU.Build.0 = Debug|Any CPU
		{79C21FBD-9257-4A98-98E3-A27366F46CD5}.Release|Any CPU.ActiveCfg = Release|Any CPU
		{79C21FBD-9257-4A98-98E3-A27366F46CD5}.Release|Any CPU.Build.0 = Release|Any CPU
		{27F36A46-66F2-4AE7-A086-2C12C75DA14A}.Debug|Any CPU.ActiveCfg = Debug|Any CPU
		{27F36A46-66F2-4AE7-A086-2C12C75DA14A}.Debug|Any CPU.Build.0 = Debug|Any CPU
		{27F36A46-66F2-4AE7-A086-2C12C75DA14A}.Release|Any CPU.ActiveCfg = Release|Any CPU
		{27F36A46-66F2-4AE7-A086-2C12C75DA14A}.Release|Any CPU.Build.0 = Release|Any CPU
	EndGlobalSection
	GlobalSection(SolutionProperties) = preSolution
		HideSolutionNode = FALSE
	EndGlobalSection
	GlobalSection(ExtensibilityGlobals) = postSolution
		SolutionGuid = {8A8C8989-A285-41E6-ABD2-0E85F0C68161}
	EndGlobalSection
EndGlobal
